<?xml version="1.0" encoding="utf-8"?>
<Project ToolsVersion="15.0" xmlns="http://schemas.microsoft.com/developer/msbuild/2003">
  <ItemGroup>
    <Filter Include="Assets">
      <UniqueIdentifier>0b0b88ae-ae79-40fc-a729-915f50b5494e</UniqueIdentifier>
      <Extensions>bmp;fbx;gif;jpg;jpeg;tga;tiff;tif;png</Extensions>
    </Filter>
    <Filter Include="MediaUtils">
      <UniqueIdentifier>{241b96d2-dad9-4d45-8b02-265bf94f48b9}</UniqueIdentifier>
    </Filter>
    <Filter Include="Assets\Scenes">
      <UniqueIdentifier>{a7dad17e-a738-44aa-95b7-98e423eb8617}</UniqueIdentifier>
    </Filter>
    <Filter Include="View">
      <UniqueIdentifier>{e3d4b125-a1be-4e56-bc55-db8cf1fc8a5d}</UniqueIdentifier>
    </Filter>
    <Filter Include="View Model">
      <UniqueIdentifier>{dd0b79b4-019f-4db7-86e8-79372e92fdf0}</UniqueIdentifier>
    </Filter>
    <Filter Include="DXResources">
      <UniqueIdentifier>{59421de1-2e8c-45ad-aec0-3ea60a1c5443}</UniqueIdentifier>
    </Filter>
    <Filter Include="GraphicsScenes">
      <UniqueIdentifier>{b47f6345-05f8-469f-9680-d3cfe620fcde}</UniqueIdentifier>
    </Filter>
    <Filter Include="GraphicsScenes\RenderCubeScene">
      <UniqueIdentifier>{e08f9e1a-f77f-4ab6-93fc-b98871cab530}</UniqueIdentifier>
    </Filter>
    <Filter Include="Converters">
      <UniqueIdentifier>{b2d57190-61a2-4ba5-b7cc-f24446df5aff}</UniqueIdentifier>
    </Filter>
    <Filter Include="Assets\ffmpeg">
      <UniqueIdentifier>{2afdd11e-48d0-44b7-8088-f5574d1727e1}</UniqueIdentifier>
    </Filter>
    <Filter Include="GraphicsScenes\RenderCircleSceneV1">
      <UniqueIdentifier>{9e540e94-950a-405f-aa23-109a20c8e0b9}</UniqueIdentifier>
    </Filter>
    <Filter Include="GraphicsScenes\Renderables">
      <UniqueIdentifier>{619417c6-5e26-4cb4-ad05-3eafde5e099c}</UniqueIdentifier>
    </Filter>
    <Filter Include="GraphicsScenes\Shaders">
      <UniqueIdentifier>{c5d39b9c-ede1-4739-aea4-fecf7a5f6e72}</UniqueIdentifier>
    </Filter>
    <Filter Include="GraphicsScenes\RenderCircleSceneV2">
      <UniqueIdentifier>{8ca07b8b-5e24-47af-ab47-6233db8d0553}</UniqueIdentifier>
    </Filter>
    <Filter Include="GraphicsScenes\RenderSphereScene">
      <UniqueIdentifier>{7e9093a3-f6fe-46d8-8c98-45b40108b31a}</UniqueIdentifier>
    </Filter>
  </ItemGroup>
  <ItemGroup>
    <ApplicationDefinition Include="App.xaml" />
  </ItemGroup>
  <ItemGroup>
    <ClCompile Include="DirectXMain.cpp">
      <Filter>DXResources</Filter>
    </ClCompile>
    <ClCompile Include="CaptureManager.cpp">
      <Filter>MediaUtils</Filter>
    </ClCompile>
    <ClCompile Include="FFMPEGEncoder.cpp">
      <Filter>MediaUtils</Filter>
    </ClCompile>
    <ClCompile Include="ScenePickerViewModel.cpp">
      <Filter>View Model</Filter>
    </ClCompile>
    <ClCompile Include="pch.cpp" />
    <ClCompile Include="DeviceResources.cpp">
      <Filter>DXResources</Filter>
    </ClCompile>
    <ClCompile Include="GameCamera.cpp">
      <Filter>DXResources</Filter>
    </ClCompile>
    <ClCompile Include="Scenes\Renderables\CircleRenderableV1.cpp">
      <Filter>GraphicsScenes\Renderables</Filter>
    </ClCompile>
    <ClCompile Include="Scenes\Renderables\CubeRenderable.cpp">
      <Filter>GraphicsScenes\Renderables</Filter>
    </ClCompile>
    <ClCompile Include="Scenes\Renderables\IRenderable.cpp">
      <Filter>GraphicsScenes\Renderables</Filter>
    </ClCompile>
    <ClCompile Include="Scenes\RenderCubeScene.cpp">
      <Filter>GraphicsScenes\RenderCubeScene</Filter>
    </ClCompile>
    <ClCompile Include="Scenes\RenderCircleSceneV1.cpp">
      <Filter>GraphicsScenes\RenderCircleSceneV1</Filter>
    </ClCompile>
    <ClCompile Include="Scenes\IScene.cpp">
      <Filter>GraphicsScenes</Filter>
    </ClCompile>
    <ClCompile Include="Scenes\RenderCircleSceneV2.cpp">
      <Filter>GraphicsScenes\RenderCircleSceneV2</Filter>
    </ClCompile>
    <ClCompile Include="Scenes\Renderables\CircleRenderableV2.cpp">
      <Filter>GraphicsScenes\Renderables</Filter>
    </ClCompile>
    <ClCompile Include="Scenes\Renderables\TextRenderable.cpp">
      <Filter>GraphicsScenes\Renderables</Filter>
    </ClCompile>
    <ClCompile Include="Transform.cpp">
      <Filter>DXResources</Filter>
    </ClCompile>
  </ItemGroup>
  <ItemGroup>
    <ClInclude Include="DirectXMain.h">
      <Filter>DXResources</Filter>
    </ClInclude>
    <ClInclude Include="ShaderResources.h">
      <Filter>DXResources</Filter>
    </ClInclude>
    <ClInclude Include="CaptureManager.h">
      <Filter>MediaUtils</Filter>
    </ClInclude>
    <ClInclude Include="FFMPEGEncoder.h">
      <Filter>MediaUtils</Filter>
    </ClInclude>
    <ClInclude Include="resource.h" />
    <ClInclude Include="ScenePickerViewModel.h">
      <Filter>View Model</Filter>
    </ClInclude>
    <ClInclude Include="TestDataConverter.h">
      <Filter>Converters</Filter>
    </ClInclude>
    <ClInclude Include="pch.h" />
    <ClInclude Include="DirectXHelper.h">
      <Filter>DXResources</Filter>
    </ClInclude>
    <ClInclude Include="DeviceResources.h">
      <Filter>DXResources</Filter>
    </ClInclude>
    <ClInclude Include="GameCamera.h">
      <Filter>DXResources</Filter>
    </ClInclude>
    <ClInclude Include="ResourcesWrapper.h">
      <Filter>DXResources</Filter>
    </ClInclude>
    <ClInclude Include="Scenes\Renderables\CircleRenderableV1.h">
      <Filter>GraphicsScenes\Renderables</Filter>
    </ClInclude>
    <ClInclude Include="Scenes\Renderables\CubeRenderable.h">
      <Filter>GraphicsScenes\Renderables</Filter>
    </ClInclude>
    <ClInclude Include="Scenes\Renderables\IRenderable.h">
      <Filter>GraphicsScenes\Renderables</Filter>
    </ClInclude>
    <ClInclude Include="Scenes\RenderCubeScene.h">
      <Filter>GraphicsScenes\RenderCubeScene</Filter>
    </ClInclude>
    <ClInclude Include="Scenes\RenderCircleSceneV1.h">
      <Filter>GraphicsScenes\RenderCircleSceneV1</Filter>
    </ClInclude>
    <ClInclude Include="Scenes\IScene.h">
      <Filter>GraphicsScenes</Filter>
    </ClInclude>
    <ClInclude Include="Scenes\RenderCircleSceneV2.h">
      <Filter>GraphicsScenes\RenderCircleSceneV2</Filter>
    </ClInclude>
    <ClInclude Include="Scenes\Renderables\CircleRenderableV2.h">
      <Filter>GraphicsScenes\Renderables</Filter>
    </ClInclude>
    <ClInclude Include="Scenes\Renderables\TextRenderable.h">
      <Filter>GraphicsScenes\Renderables</Filter>
    </ClInclude>
    <ClInclude Include="Transform.h">
      <Filter>DXResources</Filter>
    </ClInclude>
  </ItemGroup>
  <ItemGroup>
    <Image Include="Assets\LockScreenLogo.scale-200.png">
      <Filter>Assets</Filter>
    </Image>
    <Image Include="Assets\SplashScreen.scale-200.png">
      <Filter>Assets</Filter>
    </Image>
    <Image Include="Assets\Square150x150Logo.scale-200.png">
      <Filter>Assets</Filter>
    </Image>
    <Image Include="Assets\Square44x44Logo.scale-200.png">
      <Filter>Assets</Filter>
    </Image>
    <Image Include="Assets\Square44x44Logo.targetsize-24_altform-unplated.png">
      <Filter>Assets</Filter>
    </Image>
    <Image Include="Assets\StoreLogo.png">
      <Filter>Assets</Filter>
    </Image>
    <Image Include="Assets\Wide310x150Logo.scale-200.png">
      <Filter>Assets</Filter>
    </Image>
    <Image Include="Assets\Scenes\RenderCube.png">
      <Filter>Assets\Scenes</Filter>
    </Image>
    <Image Include="Assets\Scenes\DefaultSceneImage.png">
      <Filter>Assets\Scenes</Filter>
    </Image>
    <Image Include="Assets\Scenes\RenderCircleV1.png">
      <Filter>Assets\Scenes</Filter>
    </Image>
    <Image Include="Assets\Scenes\RenderCircleV2.png">
      <Filter>Assets\Scenes</Filter>
    </Image>
  </ItemGroup>
  <ItemGroup>
    <AppxManifest Include="Package.appxmanifest" />
  </ItemGroup>
  <ItemGroup>
    <FxCompile Include="Scenes\shaders\RenderCircleV1PixelShader.hlsl">
      <Filter>GraphicsScenes\Shaders</Filter>
    </FxCompile>
    <FxCompile Include="Scenes\shaders\DefaultPixelShader.hlsl">
      <Filter>GraphicsScenes\Shaders</Filter>
    </FxCompile>
    <FxCompile Include="Scenes\shaders\DefaultVertexShader.hlsl">
      <Filter>GraphicsScenes\Shaders</Filter>
    </FxCompile>
  </ItemGroup>
  <ItemGroup>
    <ResourceCompile Include="DirectXSampleLibrary.rc" />
  </ItemGroup>
  <ItemGroup>
    <Page Include="MainPage.xaml">
      <Filter>View</Filter>
    </Page>
  </ItemGroup>
  <ItemGroup>
    <CopyFileToFolders Include="ffmpeg\bin\avcodec-58.dll">
      <Filter>Assets\ffmpeg</Filter>
    </CopyFileToFolders>
    <CopyFileToFolders Include="ffmpeg\bin\avdevice-58.dll">
      <Filter>Assets\ffmpeg</Filter>
    </CopyFileToFolders>
    <CopyFileToFolders Include="ffmpeg\bin\avfilter-7.dll">
      <Filter>Assets\ffmpeg</Filter>
    </CopyFileToFolders>
    <CopyFileToFolders Include="ffmpeg\bin\avformat-58.dll">
      <Filter>Assets\ffmpeg</Filter>
    </CopyFileToFolders>
    <CopyFileToFolders Include="ffmpeg\bin\avutil-56.dll">
      <Filter>Assets\ffmpeg</Filter>
    </CopyFileToFolders>
    <CopyFileToFolders Include="ffmpeg\bin\postproc-55.dll">
      <Filter>Assets\ffmpeg</Filter>
    </CopyFileToFolders>
    <CopyFileToFolders Include="ffmpeg\bin\swresample-3.dll">
      <Filter>Assets\ffmpeg</Filter>
    </CopyFileToFolders>
    <CopyFileToFolders Include="ffmpeg\bin\swscale-5.dll">
      <Filter>Assets\ffmpeg</Filter>
    </CopyFileToFolders>
  </ItemGroup>
</Project>